{
  "originHash" : "fa48344a04def03f7f7d8d993288fff35a606dee23c42b3cd4ae36f9921b0fe1",
  "pins" : [
    {
      "identity" : "awesome",
      "kind" : "remoteSourceControl",
      "location" : "https://github.com/LiveUI/Awesome",
      "state" : {
        "revision" : "40c68d0ca2b143c1118e636518706a4b8332777b",
        "version" : "2.4.0"
      }
    },
    {
      "identity" : "defaults",
      "kind" : "remoteSourceControl",
      "location" : "https://github.com/sindresorhus/Defaults",
      "state" : {
        "revision" : "38925e3cfacf3fb89a81a35b1cd44fd5a5b7e0fa",
        "version" : "8.2.0"
      }
    },
    {
      "identity" : "kingfisher",
      "kind" : "remoteSourceControl",
      "location" : "https://github.com/onevcat/Kingfisher.git",
      "state" : {
        "revision" : "c0940e241945e6378c01fbd45fd3815579d47ef5",
        "version" : "8.1.0"
      }
    },
    {
      "identity" : "safariui?tab=readme-ov-file",
      "kind" : "remoteSourceControl",
      "location" : "https://github.com/vsanthanam/SafariUI?tab=readme-ov-file",
      "state" : {
        "revision" : "4ed48177b580e0a8d9e4a59631f04dcb988d3879",
        "version" : "4.0.0"
      }
    },
    {
      "identity" : "sddownloadmanager",
      "kind" : "remoteSourceControl",
      "location" : "https://github.com/SagarSDagdu/SDDownloadManager",
      "state" : {
        "revision" : "cecab25676aae43384939c0228aa84cef193e790",
        "version" : "2.0.0"
      }
    },
    {
      "identity" : "swiftsoup",
      "kind" : "remoteSourceControl",
      "location" : "https://github.com/scinfu/SwiftSoup.git",
      "state" : {
        "revision" : "0837db354faf9c9deb710dc597046edaadf5360f",
        "version" : "2.7.6"
      }
    }
  ],
  "version" : 3
}
